PODS:
  - AXViewControllerTransitioning (1.0.0):
    - AXViewControllerTransitioning/Component (= 1.0.0)
    - AXViewControllerTransitioning/Core (= 1.0.0)
    - ReactiveObjC (~> 3.0.0)
  - AXViewControllerTransitioning/Component (1.0.0):
    - ReactiveObjC (~> 3.0.0)
  - AXViewControllerTransitioning/Core (1.0.0):
    - ReactiveObjC (~> 3.0.0)
  - Masonry (1.1.0)
  - ReactiveObjC (3.0.0)

DEPENDENCIES:
  - AXViewControllerTransitioning (from `../`)
  - Masonry

SPEC REPOS:
  trunk:
    - Masonry
    - ReactiveObjC

EXTERNAL SOURCES:
  AXViewControllerTransitioning:
    :path: "../"

SPEC CHECKSUMS:
  AXViewControllerTransitioning: c6bd4c39087dc628012d9a5bf351191597b3d013
  Masonry: 678fab65091a9290e40e2832a55e7ab731aad201
  ReactiveObjC: ce79989e8684b9086b5f8d0c74bc7b81a8729c9e

PODFILE CHECKSUM: 0ea600438f873bf88a911db3c586ba2f8cdddef5

COCOAPODS: 1.10.1
